
Microsoft Visual Studio Solution File, Format Version 12.00
# Visual Studio Version 16
VisualStudioVersion = 16.0.28531.58
MinimumVisualStudioVersion = 10.0.40219.1
Project("{2150E333-8FDC-42A3-9474-1A3956D46DE8}") = "Tests", "Tests", "{8E975FC2-07B3-4349-BFEE-F5A9B26ABE11}"
EndProject
Project("{9A19103F-16F7-4668-BE54-9A1E7A4F7556}") = "Olbrasoft.Data.Entity.Framework.Bulk", "src\Olbrasoft.Data.Entity.Framework.Bulk\Olbrasoft.Data.Entity.Framework.Bulk.csproj", "{3E403A0F-ECF1-4179-81A0-B9C883D5A533}"
EndProject
Project("{9A19103F-16F7-4668-BE54-9A1E7A4F7556}") = "Olbrasoft.Data.Entity.Framework.Bulk.Integration.Tests", "test\Olbrasoft.Data.Entity.Framework.Bulk.Integration.Tests\Olbrasoft.Data.Entity.Framework.Bulk.Integration.Tests.csproj", "{DD6ECBF3-EB06-41A6-A002-894EA4212DD8}"
EndProject
Project("{9A19103F-16F7-4668-BE54-9A1E7A4F7556}") = "Olbrasoft.Extensions", "src\Olbrasoft.Extensions\Olbrasoft.Extensions.csproj", "{CA186A73-343A-4AEB-AB9D-D0CE7F6C1023}"
EndProject
Project("{9A19103F-16F7-4668-BE54-9A1E7A4F7556}") = "Olbrasoft.Extensions.Unit.Tests", "test\Olbrasoft.Extensions.Unit.Tests\Olbrasoft.Extensions.Unit.Tests.csproj", "{8CDD5DEC-79B9-4EBF-978D-1F4FF47640C7}"
EndProject
Project("{9A19103F-16F7-4668-BE54-9A1E7A4F7556}") = "Olbrasoft.Travel.AspNetCore.Mvc", "src\Olbrasoft.Travel.AspNetCore.Mvc\Olbrasoft.Travel.AspNetCore.Mvc.csproj", "{55FF97D1-33A6-485A-A1EE-44D5F5189472}"
EndProject
Project("{9A19103F-16F7-4668-BE54-9A1E7A4F7556}") = "Olbrasoft.Pagination.Unit.Tests", "test\Olbrasoft.Pagination.Unit.Tests\Olbrasoft.Pagination.Unit.Tests.csproj", "{64E8C075-8014-465D-B0A0-9FBE08B87413}"
EndProject
Project("{9A19103F-16F7-4668-BE54-9A1E7A4F7556}") = "Olbrasoft.Collections", "src\Olbrasoft.Collections\Olbrasoft.Collections.csproj", "{A33ED11D-D4E9-43EF-B81A-2A8FDCE3E53C}"
EndProject
Project("{9A19103F-16F7-4668-BE54-9A1E7A4F7556}") = "Olbrasoft.Pagination", "src\Olbrasoft.Pagination\Olbrasoft.Pagination.csproj", "{4944B51A-79A1-4AA3-9BCB-6B1FC0DC2FB9}"
EndProject
Project("{9A19103F-16F7-4668-BE54-9A1E7A4F7556}") = "Olbrasoft.Travel", "src\Olbrasoft.Travel\Olbrasoft.Travel.csproj", "{CADB5C59-3C4B-40BE-A511-976B6CC8F00F}"
EndProject
Project("{9A19103F-16F7-4668-BE54-9A1E7A4F7556}") = "Olbrasoft.Globalization", "src\Olbrasoft.Globalization\Olbrasoft.Globalization.csproj", "{84CD3092-E076-4C15-9EB3-7A219376B321}"
EndProject
Project("{9A19103F-16F7-4668-BE54-9A1E7A4F7556}") = "Olbrasoft.Data", "src\Olbrasoft.Data\Olbrasoft.Data.csproj", "{63B91B8F-A335-408A-B158-FA7501298914}"
EndProject
Project("{9A19103F-16F7-4668-BE54-9A1E7A4F7556}") = "Olbrasoft.Travel.Business", "src\Olbrasoft.Travel.Business\Olbrasoft.Travel.Business.csproj", "{5BAA3864-5C32-4305-87E9-4AC0C7E72287}"
EndProject
Project("{FAE04EC0-301F-11D3-BF4B-00C04F79EFBC}") = "Olbrasoft.Collections.Unit.Tests", "test\Olbrasoft.Collections.Unit.Tests\Olbrasoft.Collections.Unit.Tests.csproj", "{115F18A0-5954-4CCB-A227-E14CF37A1981}"
EndProject
Project("{FAE04EC0-301F-11D3-BF4B-00C04F79EFBC}") = "Olbrasoft.Data.Unit.Tests", "test\Olbrasoft.Data.Unit.Tests\Olbrasoft.Data.Unit.Tests.csproj", "{DDE66592-97BB-414D-9230-B6BA78F654DB}"
EndProject
Project("{FAE04EC0-301F-11D3-BF4B-00C04F79EFBC}") = "Olbrasoft.Travel.Business.Unit.Tests", "test\Olbrasoft.Travel.Business.Unit.Tests\Olbrasoft.Travel.Business.Unit.Tests.csproj", "{38676837-A784-48F7-B593-A68B7DE2AD2F}"
EndProject
Project("{9A19103F-16F7-4668-BE54-9A1E7A4F7556}") = "Olbrasoft.Business.Unit.Tests", "test\Olbrasoft.Business.Unit.Tests\Olbrasoft.Business.Unit.Tests.csproj", "{A9CDAD89-A91C-443D-B3FD-E9BBE9D280B5}"
EndProject
Project("{9A19103F-16F7-4668-BE54-9A1E7A4F7556}") = "Olbrasoft.Travel.Unit.Tests", "test\Olbrasoft.Travel.Unit.Tests\Olbrasoft.Travel.Unit.Tests.csproj", "{6CDE0137-847C-4949-A934-79A63F47BD95}"
EndProject
Project("{9A19103F-16F7-4668-BE54-9A1E7A4F7556}") = "Olbrasoft.Business", "src\Olbrasoft.Business\Olbrasoft.Business.csproj", "{D85CDEEE-D517-45AB-AA9F-88E966A46EB2}"
EndProject
Project("{9A19103F-16F7-4668-BE54-9A1E7A4F7556}") = "Olbrasoft.Travel.AspNetCore.Mvc.Unit.Tests", "test\Olbrasoft.Travel.AspNetCore.Mvc.Unit.Tests\Olbrasoft.Travel.AspNetCore.Mvc.Unit.Tests.csproj", "{A1B35C49-DE4D-4932-ABF6-6B6C3D56BF8C}"
EndProject
Project("{9A19103F-16F7-4668-BE54-9A1E7A4F7556}") = "Olbrasoft.Travel.Data", "src\Olbrasoft.Travel.Data\Olbrasoft.Travel.Data.csproj", "{EC4ABACF-0F2D-45B7-A23E-0A91113F2662}"
EndProject
Project("{9A19103F-16F7-4668-BE54-9A1E7A4F7556}") = "Olbrasoft.Travel.Data.Unit.Tests", "test\Olbrasoft.Travel.Data.Unit.Tests\Olbrasoft.Travel.Data.Unit.Tests.csproj", "{2EA28FA7-916A-4F53-A25F-7AC4B77D8FE0}"
EndProject
Project("{9A19103F-16F7-4668-BE54-9A1E7A4F7556}") = "Olbrasoft.Travel.Data.EntityFrameworkCore.Unit.Tests", "test\Olbrasoft.Travel.Data.EntityFrameworkCore.Unit.Tests\Olbrasoft.Travel.Data.EntityFrameworkCore.Unit.Tests.csproj", "{E775EC6F-F558-4759-A32E-FCD8C1A53E99}"
EndProject
Project("{9A19103F-16F7-4668-BE54-9A1E7A4F7556}") = "Olbrasoft.Travel.Data.EntityFrameworkCore", "src\Olbrasoft.Travel.Data.EntityFrameworkCore\Olbrasoft.Travel.Data.EntityFrameworkCore.csproj", "{20244A54-CFB3-44AB-8D32-992792CF883C}"
EndProject
Project("{9A19103F-16F7-4668-BE54-9A1E7A4F7556}") = "Olbrasoft.Travel.Providers.Expedia", "src\Olbrasoft.Travel.Providers.Expedia\Olbrasoft.Travel.Providers.Expedia.csproj", "{283C3AB6-30B7-4071-BABB-0699AACB239D}"
EndProject
Project("{9A19103F-16F7-4668-BE54-9A1E7A4F7556}") = "Olbrasoft.Travel.Providers.Expedia.Unit.Tests", "test\Olbrasoft.Travel.Providers.Expedia.Unit.Tests\Olbrasoft.Travel.Providers.Expedia.Unit.Tests.csproj", "{E08CE091-376A-4C40-A4E9-8107A9F514F2}"
EndProject
Project("{9A19103F-16F7-4668-BE54-9A1E7A4F7556}") = "Olbrasoft.Travel.Providers.Expedia.Import.Unit.Tests", "test\Olbrasoft.Travel.Providers.Expedia.Import.Unit.Tests\Olbrasoft.Travel.Providers.Expedia.Import.Unit.Tests.csproj", "{BFB0498F-8B05-464B-818C-03A044EDA61D}"
EndProject
Project("{9A19103F-16F7-4668-BE54-9A1E7A4F7556}") = "Olbrasoft.Travel.Providers.Expedia.Import", "src\Olbrasoft.Travel.Providers.Expedia.Import\Olbrasoft.Travel.Providers.Expedia.Import.csproj", "{B050F1A5-27E2-483C-BF05-0527D0912E32}"
EndProject
Project("{9A19103F-16F7-4668-BE54-9A1E7A4F7556}") = "Olbrasoft.Querying", "src\Olbrasoft.Querying\Olbrasoft.Querying.csproj", "{1BBB5583-21E2-4886-8920-D690C97B3FA7}"
EndProject
Project("{9A19103F-16F7-4668-BE54-9A1E7A4F7556}") = "Olbrasoft.Querying.Tests", "test\Olbrasoft.Querying.Tests\Olbrasoft.Querying.Tests.csproj", "{00EFA27B-9B36-46B1-81E5-EF408D7923B4}"
EndProject
Project("{9A19103F-16F7-4668-BE54-9A1E7A4F7556}") = "Olbrasoft.Querying.Mapping", "src\Olbrasoft.Querying.Mapping\Olbrasoft.Querying.Mapping.csproj", "{1350CBBD-3BA3-4DFE-B023-C9A8B12AFCD9}"
EndProject
Project("{9A19103F-16F7-4668-BE54-9A1E7A4F7556}") = "Olbrasoft.Mapping", "src\Olbrasoft.Mapping\Olbrasoft.Mapping.csproj", "{A25A5310-C1D3-4568-9D65-060F286CB63B}"
EndProject
Project("{9A19103F-16F7-4668-BE54-9A1E7A4F7556}") = "Olbrasoft.Querying.Mapping.Tests", "test\Olbrasoft.Querying.Mapping.Tests\Olbrasoft.Querying.Mapping.Tests.csproj", "{0E7DDE7C-82B2-4416-9DCF-7E7D064C6D38}"
EndProject
Project("{9A19103F-16F7-4668-BE54-9A1E7A4F7556}") = "Olbrasoft.Querying.Mapping.EntityFrameworkCore", "src\Olbrasoft.Querying.Mapping.EntityFrameworkCore\Olbrasoft.Querying.Mapping.EntityFrameworkCore.csproj", "{C47A9B4B-A79D-47CB-8337-AF85C564CF2B}"
EndProject
Project("{9A19103F-16F7-4668-BE54-9A1E7A4F7556}") = "Olbrasoft.Querying.Mapping.EntityFrameworkCore.Tests", "test\Olbrasoft.Querying.Mapping.EntityFrameworkCore.Tests\Olbrasoft.Querying.Mapping.EntityFrameworkCore.Tests.csproj", "{262EA4E5-330D-42F6-92E6-284108CB1565}"
EndProject
Project("{9A19103F-16F7-4668-BE54-9A1E7A4F7556}") = "Olbrasoft.Mapping.AutoMapper", "src\Olbrasoft.Mapping.AutoMapper\Olbrasoft.Mapping.AutoMapper.csproj", "{90EAAEEC-3F35-4AC3-915D-8B8427A5CCEB}"
EndProject
Project("{9A19103F-16F7-4668-BE54-9A1E7A4F7556}") = "Olbrasoft.Querying.DependencyInjection", "src\Olbrasoft.Querying.DependencyInjection\Olbrasoft.Querying.DependencyInjection.csproj", "{EC48E3F9-BEA6-46BB-87C2-39C67622E528}"
EndProject
Project("{9A19103F-16F7-4668-BE54-9A1E7A4F7556}") = "Olbrasoft.Querying.DependencyInjection.Microsoft", "src\Olbrasoft.Querying.DependencyInjection.Microsoft\Olbrasoft.Querying.DependencyInjection.Microsoft.csproj", "{2BEB2AAC-9653-428D-8EB0-6E446042B845}"
EndProject
Global
	GlobalSection(SolutionConfigurationPlatforms) = preSolution
		Debug|Any CPU = Debug|Any CPU
		Release|Any CPU = Release|Any CPU
	EndGlobalSection
	GlobalSection(ProjectConfigurationPlatforms) = postSolution
		{3E403A0F-ECF1-4179-81A0-B9C883D5A533}.Debug|Any CPU.ActiveCfg = Debug|Any CPU
		{3E403A0F-ECF1-4179-81A0-B9C883D5A533}.Debug|Any CPU.Build.0 = Debug|Any CPU
		{3E403A0F-ECF1-4179-81A0-B9C883D5A533}.Release|Any CPU.ActiveCfg = Release|Any CPU
		{3E403A0F-ECF1-4179-81A0-B9C883D5A533}.Release|Any CPU.Build.0 = Release|Any CPU
		{DD6ECBF3-EB06-41A6-A002-894EA4212DD8}.Debug|Any CPU.ActiveCfg = Debug|Any CPU
		{DD6ECBF3-EB06-41A6-A002-894EA4212DD8}.Debug|Any CPU.Build.0 = Debug|Any CPU
		{DD6ECBF3-EB06-41A6-A002-894EA4212DD8}.Release|Any CPU.ActiveCfg = Release|Any CPU
		{DD6ECBF3-EB06-41A6-A002-894EA4212DD8}.Release|Any CPU.Build.0 = Release|Any CPU
		{CA186A73-343A-4AEB-AB9D-D0CE7F6C1023}.Debug|Any CPU.ActiveCfg = Debug|Any CPU
		{CA186A73-343A-4AEB-AB9D-D0CE7F6C1023}.Debug|Any CPU.Build.0 = Debug|Any CPU
		{CA186A73-343A-4AEB-AB9D-D0CE7F6C1023}.Release|Any CPU.ActiveCfg = Release|Any CPU
		{CA186A73-343A-4AEB-AB9D-D0CE7F6C1023}.Release|Any CPU.Build.0 = Release|Any CPU
		{8CDD5DEC-79B9-4EBF-978D-1F4FF47640C7}.Debug|Any CPU.ActiveCfg = Debug|Any CPU
		{8CDD5DEC-79B9-4EBF-978D-1F4FF47640C7}.Debug|Any CPU.Build.0 = Debug|Any CPU
		{8CDD5DEC-79B9-4EBF-978D-1F4FF47640C7}.Release|Any CPU.ActiveCfg = Release|Any CPU
		{8CDD5DEC-79B9-4EBF-978D-1F4FF47640C7}.Release|Any CPU.Build.0 = Release|Any CPU
		{55FF97D1-33A6-485A-A1EE-44D5F5189472}.Debug|Any CPU.ActiveCfg = Debug|Any CPU
		{55FF97D1-33A6-485A-A1EE-44D5F5189472}.Debug|Any CPU.Build.0 = Debug|Any CPU
		{55FF97D1-33A6-485A-A1EE-44D5F5189472}.Release|Any CPU.ActiveCfg = Release|Any CPU
		{55FF97D1-33A6-485A-A1EE-44D5F5189472}.Release|Any CPU.Build.0 = Release|Any CPU
		{64E8C075-8014-465D-B0A0-9FBE08B87413}.Debug|Any CPU.ActiveCfg = Debug|Any CPU
		{64E8C075-8014-465D-B0A0-9FBE08B87413}.Debug|Any CPU.Build.0 = Debug|Any CPU
		{64E8C075-8014-465D-B0A0-9FBE08B87413}.Release|Any CPU.ActiveCfg = Release|Any CPU
		{64E8C075-8014-465D-B0A0-9FBE08B87413}.Release|Any CPU.Build.0 = Release|Any CPU
		{A33ED11D-D4E9-43EF-B81A-2A8FDCE3E53C}.Debug|Any CPU.ActiveCfg = Debug|Any CPU
		{A33ED11D-D4E9-43EF-B81A-2A8FDCE3E53C}.Debug|Any CPU.Build.0 = Debug|Any CPU
		{A33ED11D-D4E9-43EF-B81A-2A8FDCE3E53C}.Release|Any CPU.ActiveCfg = Release|Any CPU
		{A33ED11D-D4E9-43EF-B81A-2A8FDCE3E53C}.Release|Any CPU.Build.0 = Release|Any CPU
		{4944B51A-79A1-4AA3-9BCB-6B1FC0DC2FB9}.Debug|Any CPU.ActiveCfg = Debug|Any CPU
		{4944B51A-79A1-4AA3-9BCB-6B1FC0DC2FB9}.Debug|Any CPU.Build.0 = Debug|Any CPU
		{4944B51A-79A1-4AA3-9BCB-6B1FC0DC2FB9}.Release|Any CPU.ActiveCfg = Release|Any CPU
		{4944B51A-79A1-4AA3-9BCB-6B1FC0DC2FB9}.Release|Any CPU.Build.0 = Release|Any CPU
		{CADB5C59-3C4B-40BE-A511-976B6CC8F00F}.Debug|Any CPU.ActiveCfg = Debug|Any CPU
		{CADB5C59-3C4B-40BE-A511-976B6CC8F00F}.Debug|Any CPU.Build.0 = Debug|Any CPU
		{CADB5C59-3C4B-40BE-A511-976B6CC8F00F}.Release|Any CPU.ActiveCfg = Release|Any CPU
		{CADB5C59-3C4B-40BE-A511-976B6CC8F00F}.Release|Any CPU.Build.0 = Release|Any CPU
		{84CD3092-E076-4C15-9EB3-7A219376B321}.Debug|Any CPU.ActiveCfg = Debug|Any CPU
		{84CD3092-E076-4C15-9EB3-7A219376B321}.Debug|Any CPU.Build.0 = Debug|Any CPU
		{84CD3092-E076-4C15-9EB3-7A219376B321}.Release|Any CPU.ActiveCfg = Release|Any CPU
		{84CD3092-E076-4C15-9EB3-7A219376B321}.Release|Any CPU.Build.0 = Release|Any CPU
		{63B91B8F-A335-408A-B158-FA7501298914}.Debug|Any CPU.ActiveCfg = Debug|Any CPU
		{63B91B8F-A335-408A-B158-FA7501298914}.Debug|Any CPU.Build.0 = Debug|Any CPU
		{63B91B8F-A335-408A-B158-FA7501298914}.Release|Any CPU.ActiveCfg = Release|Any CPU
		{63B91B8F-A335-408A-B158-FA7501298914}.Release|Any CPU.Build.0 = Release|Any CPU
		{5BAA3864-5C32-4305-87E9-4AC0C7E72287}.Debug|Any CPU.ActiveCfg = Debug|Any CPU
		{5BAA3864-5C32-4305-87E9-4AC0C7E72287}.Debug|Any CPU.Build.0 = Debug|Any CPU
		{5BAA3864-5C32-4305-87E9-4AC0C7E72287}.Release|Any CPU.ActiveCfg = Release|Any CPU
		{5BAA3864-5C32-4305-87E9-4AC0C7E72287}.Release|Any CPU.Build.0 = Release|Any CPU
		{115F18A0-5954-4CCB-A227-E14CF37A1981}.Debug|Any CPU.ActiveCfg = Debug|Any CPU
		{115F18A0-5954-4CCB-A227-E14CF37A1981}.Debug|Any CPU.Build.0 = Debug|Any CPU
		{115F18A0-5954-4CCB-A227-E14CF37A1981}.Release|Any CPU.ActiveCfg = Release|Any CPU
		{115F18A0-5954-4CCB-A227-E14CF37A1981}.Release|Any CPU.Build.0 = Release|Any CPU
		{DDE66592-97BB-414D-9230-B6BA78F654DB}.Debug|Any CPU.ActiveCfg = Debug|Any CPU
		{DDE66592-97BB-414D-9230-B6BA78F654DB}.Debug|Any CPU.Build.0 = Debug|Any CPU
		{DDE66592-97BB-414D-9230-B6BA78F654DB}.Release|Any CPU.ActiveCfg = Release|Any CPU
		{DDE66592-97BB-414D-9230-B6BA78F654DB}.Release|Any CPU.Build.0 = Release|Any CPU
		{38676837-A784-48F7-B593-A68B7DE2AD2F}.Debug|Any CPU.ActiveCfg = Debug|Any CPU
		{38676837-A784-48F7-B593-A68B7DE2AD2F}.Debug|Any CPU.Build.0 = Debug|Any CPU
		{38676837-A784-48F7-B593-A68B7DE2AD2F}.Release|Any CPU.ActiveCfg = Release|Any CPU
		{38676837-A784-48F7-B593-A68B7DE2AD2F}.Release|Any CPU.Build.0 = Release|Any CPU
		{A9CDAD89-A91C-443D-B3FD-E9BBE9D280B5}.Debug|Any CPU.ActiveCfg = Debug|Any CPU
		{A9CDAD89-A91C-443D-B3FD-E9BBE9D280B5}.Debug|Any CPU.Build.0 = Debug|Any CPU
		{A9CDAD89-A91C-443D-B3FD-E9BBE9D280B5}.Release|Any CPU.ActiveCfg = Release|Any CPU
		{A9CDAD89-A91C-443D-B3FD-E9BBE9D280B5}.Release|Any CPU.Build.0 = Release|Any CPU
		{6CDE0137-847C-4949-A934-79A63F47BD95}.Debug|Any CPU.ActiveCfg = Debug|Any CPU
		{6CDE0137-847C-4949-A934-79A63F47BD95}.Debug|Any CPU.Build.0 = Debug|Any CPU
		{6CDE0137-847C-4949-A934-79A63F47BD95}.Release|Any CPU.ActiveCfg = Release|Any CPU
		{6CDE0137-847C-4949-A934-79A63F47BD95}.Release|Any CPU.Build.0 = Release|Any CPU
		{D85CDEEE-D517-45AB-AA9F-88E966A46EB2}.Debug|Any CPU.ActiveCfg = Debug|Any CPU
		{D85CDEEE-D517-45AB-AA9F-88E966A46EB2}.Debug|Any CPU.Build.0 = Debug|Any CPU
		{D85CDEEE-D517-45AB-AA9F-88E966A46EB2}.Release|Any CPU.ActiveCfg = Release|Any CPU
		{D85CDEEE-D517-45AB-AA9F-88E966A46EB2}.Release|Any CPU.Build.0 = Release|Any CPU
		{A1B35C49-DE4D-4932-ABF6-6B6C3D56BF8C}.Debug|Any CPU.ActiveCfg = Debug|Any CPU
		{A1B35C49-DE4D-4932-ABF6-6B6C3D56BF8C}.Debug|Any CPU.Build.0 = Debug|Any CPU
		{A1B35C49-DE4D-4932-ABF6-6B6C3D56BF8C}.Release|Any CPU.ActiveCfg = Release|Any CPU
		{A1B35C49-DE4D-4932-ABF6-6B6C3D56BF8C}.Release|Any CPU.Build.0 = Release|Any CPU
		{EC4ABACF-0F2D-45B7-A23E-0A91113F2662}.Debug|Any CPU.ActiveCfg = Debug|Any CPU
		{EC4ABACF-0F2D-45B7-A23E-0A91113F2662}.Debug|Any CPU.Build.0 = Debug|Any CPU
		{EC4ABACF-0F2D-45B7-A23E-0A91113F2662}.Release|Any CPU.ActiveCfg = Release|Any CPU
		{EC4ABACF-0F2D-45B7-A23E-0A91113F2662}.Release|Any CPU.Build.0 = Release|Any CPU
		{2EA28FA7-916A-4F53-A25F-7AC4B77D8FE0}.Debug|Any CPU.ActiveCfg = Debug|Any CPU
		{2EA28FA7-916A-4F53-A25F-7AC4B77D8FE0}.Debug|Any CPU.Build.0 = Debug|Any CPU
		{2EA28FA7-916A-4F53-A25F-7AC4B77D8FE0}.Release|Any CPU.ActiveCfg = Release|Any CPU
		{2EA28FA7-916A-4F53-A25F-7AC4B77D8FE0}.Release|Any CPU.Build.0 = Release|Any CPU
		{E775EC6F-F558-4759-A32E-FCD8C1A53E99}.Debug|Any CPU.ActiveCfg = Debug|Any CPU
		{E775EC6F-F558-4759-A32E-FCD8C1A53E99}.Debug|Any CPU.Build.0 = Debug|Any CPU
		{E775EC6F-F558-4759-A32E-FCD8C1A53E99}.Release|Any CPU.ActiveCfg = Release|Any CPU
		{E775EC6F-F558-4759-A32E-FCD8C1A53E99}.Release|Any CPU.Build.0 = Release|Any CPU
		{20244A54-CFB3-44AB-8D32-992792CF883C}.Debug|Any CPU.ActiveCfg = Debug|Any CPU
		{20244A54-CFB3-44AB-8D32-992792CF883C}.Debug|Any CPU.Build.0 = Debug|Any CPU
		{20244A54-CFB3-44AB-8D32-992792CF883C}.Release|Any CPU.ActiveCfg = Release|Any CPU
		{20244A54-CFB3-44AB-8D32-992792CF883C}.Release|Any CPU.Build.0 = Release|Any CPU
		{283C3AB6-30B7-4071-BABB-0699AACB239D}.Debug|Any CPU.ActiveCfg = Debug|Any CPU
		{283C3AB6-30B7-4071-BABB-0699AACB239D}.Debug|Any CPU.Build.0 = Debug|Any CPU
		{283C3AB6-30B7-4071-BABB-0699AACB239D}.Release|Any CPU.ActiveCfg = Release|Any CPU
		{283C3AB6-30B7-4071-BABB-0699AACB239D}.Release|Any CPU.Build.0 = Release|Any CPU
		{E08CE091-376A-4C40-A4E9-8107A9F514F2}.Debug|Any CPU.ActiveCfg = Debug|Any CPU
		{E08CE091-376A-4C40-A4E9-8107A9F514F2}.Debug|Any CPU.Build.0 = Debug|Any CPU
		{E08CE091-376A-4C40-A4E9-8107A9F514F2}.Release|Any CPU.ActiveCfg = Release|Any CPU
		{E08CE091-376A-4C40-A4E9-8107A9F514F2}.Release|Any CPU.Build.0 = Release|Any CPU
		{BFB0498F-8B05-464B-818C-03A044EDA61D}.Debug|Any CPU.ActiveCfg = Debug|Any CPU
		{BFB0498F-8B05-464B-818C-03A044EDA61D}.Debug|Any CPU.Build.0 = Debug|Any CPU
		{BFB0498F-8B05-464B-818C-03A044EDA61D}.Release|Any CPU.ActiveCfg = Release|Any CPU
		{BFB0498F-8B05-464B-818C-03A044EDA61D}.Release|Any CPU.Build.0 = Release|Any CPU
		{B050F1A5-27E2-483C-BF05-0527D0912E32}.Debug|Any CPU.ActiveCfg = Debug|Any CPU
		{B050F1A5-27E2-483C-BF05-0527D0912E32}.Debug|Any CPU.Build.0 = Debug|Any CPU
		{B050F1A5-27E2-483C-BF05-0527D0912E32}.Release|Any CPU.ActiveCfg = Release|Any CPU
		{B050F1A5-27E2-483C-BF05-0527D0912E32}.Release|Any CPU.Build.0 = Release|Any CPU
		{1BBB5583-21E2-4886-8920-D690C97B3FA7}.Debug|Any CPU.ActiveCfg = Debug|Any CPU
		{1BBB5583-21E2-4886-8920-D690C97B3FA7}.Debug|Any CPU.Build.0 = Debug|Any CPU
		{1BBB5583-21E2-4886-8920-D690C97B3FA7}.Release|Any CPU.ActiveCfg = Release|Any CPU
		{1BBB5583-21E2-4886-8920-D690C97B3FA7}.Release|Any CPU.Build.0 = Release|Any CPU
		{00EFA27B-9B36-46B1-81E5-EF408D7923B4}.Debug|Any CPU.ActiveCfg = Debug|Any CPU
		{00EFA27B-9B36-46B1-81E5-EF408D7923B4}.Debug|Any CPU.Build.0 = Debug|Any CPU
		{00EFA27B-9B36-46B1-81E5-EF408D7923B4}.Release|Any CPU.ActiveCfg = Release|Any CPU
		{00EFA27B-9B36-46B1-81E5-EF408D7923B4}.Release|Any CPU.Build.0 = Release|Any CPU
		{1350CBBD-3BA3-4DFE-B023-C9A8B12AFCD9}.Debug|Any CPU.ActiveCfg = Debug|Any CPU
		{1350CBBD-3BA3-4DFE-B023-C9A8B12AFCD9}.Debug|Any CPU.Build.0 = Debug|Any CPU
		{1350CBBD-3BA3-4DFE-B023-C9A8B12AFCD9}.Release|Any CPU.ActiveCfg = Release|Any CPU
		{1350CBBD-3BA3-4DFE-B023-C9A8B12AFCD9}.Release|Any CPU.Build.0 = Release|Any CPU
		{A25A5310-C1D3-4568-9D65-060F286CB63B}.Debug|Any CPU.ActiveCfg = Debug|Any CPU
		{A25A5310-C1D3-4568-9D65-060F286CB63B}.Debug|Any CPU.Build.0 = Debug|Any CPU
		{A25A5310-C1D3-4568-9D65-060F286CB63B}.Release|Any CPU.ActiveCfg = Release|Any CPU
		{A25A5310-C1D3-4568-9D65-060F286CB63B}.Release|Any CPU.Build.0 = Release|Any CPU
		{0E7DDE7C-82B2-4416-9DCF-7E7D064C6D38}.Debug|Any CPU.ActiveCfg = Debug|Any CPU
		{0E7DDE7C-82B2-4416-9DCF-7E7D064C6D38}.Debug|Any CPU.Build.0 = Debug|Any CPU
		{0E7DDE7C-82B2-4416-9DCF-7E7D064C6D38}.Release|Any CPU.ActiveCfg = Release|Any CPU
		{0E7DDE7C-82B2-4416-9DCF-7E7D064C6D38}.Release|Any CPU.Build.0 = Release|Any CPU
		{C47A9B4B-A79D-47CB-8337-AF85C564CF2B}.Debug|Any CPU.ActiveCfg = Debug|Any CPU
		{C47A9B4B-A79D-47CB-8337-AF85C564CF2B}.Debug|Any CPU.Build.0 = Debug|Any CPU
		{C47A9B4B-A79D-47CB-8337-AF85C564CF2B}.Release|Any CPU.ActiveCfg = Release|Any CPU
		{C47A9B4B-A79D-47CB-8337-AF85C564CF2B}.Release|Any CPU.Build.0 = Release|Any CPU
		{262EA4E5-330D-42F6-92E6-284108CB1565}.Debug|Any CPU.ActiveCfg = Debug|Any CPU
		{262EA4E5-330D-42F6-92E6-284108CB1565}.Debug|Any CPU.Build.0 = Debug|Any CPU
		{262EA4E5-330D-42F6-92E6-284108CB1565}.Release|Any CPU.ActiveCfg = Release|Any CPU
		{262EA4E5-330D-42F6-92E6-284108CB1565}.Release|Any CPU.Build.0 = Release|Any CPU
		{90EAAEEC-3F35-4AC3-915D-8B8427A5CCEB}.Debug|Any CPU.ActiveCfg = Debug|Any CPU
		{90EAAEEC-3F35-4AC3-915D-8B8427A5CCEB}.Debug|Any CPU.Build.0 = Debug|Any CPU
		{90EAAEEC-3F35-4AC3-915D-8B8427A5CCEB}.Release|Any CPU.ActiveCfg = Release|Any CPU
		{90EAAEEC-3F35-4AC3-915D-8B8427A5CCEB}.Release|Any CPU.Build.0 = Release|Any CPU
		{EC48E3F9-BEA6-46BB-87C2-39C67622E528}.Debug|Any CPU.ActiveCfg = Debug|Any CPU
		{EC48E3F9-BEA6-46BB-87C2-39C67622E528}.Debug|Any CPU.Build.0 = Debug|Any CPU
		{EC48E3F9-BEA6-46BB-87C2-39C67622E528}.Release|Any CPU.ActiveCfg = Release|Any CPU
		{EC48E3F9-BEA6-46BB-87C2-39C67622E528}.Release|Any CPU.Build.0 = Release|Any CPU
		{2BEB2AAC-9653-428D-8EB0-6E446042B845}.Debug|Any CPU.ActiveCfg = Debug|Any CPU
		{2BEB2AAC-9653-428D-8EB0-6E446042B845}.Debug|Any CPU.Build.0 = Debug|Any CPU
		{2BEB2AAC-9653-428D-8EB0-6E446042B845}.Release|Any CPU.ActiveCfg = Release|Any CPU
		{2BEB2AAC-9653-428D-8EB0-6E446042B845}.Release|Any CPU.Build.0 = Release|Any CPU
	EndGlobalSection
	GlobalSection(SolutionProperties) = preSolution
		HideSolutionNode = FALSE
	EndGlobalSection
	GlobalSection(NestedProjects) = preSolution
		{DD6ECBF3-EB06-41A6-A002-894EA4212DD8} = {8E975FC2-07B3-4349-BFEE-F5A9B26ABE11}
		{8CDD5DEC-79B9-4EBF-978D-1F4FF47640C7} = {8E975FC2-07B3-4349-BFEE-F5A9B26ABE11}
		{64E8C075-8014-465D-B0A0-9FBE08B87413} = {8E975FC2-07B3-4349-BFEE-F5A9B26ABE11}
		{115F18A0-5954-4CCB-A227-E14CF37A1981} = {8E975FC2-07B3-4349-BFEE-F5A9B26ABE11}
		{DDE66592-97BB-414D-9230-B6BA78F654DB} = {8E975FC2-07B3-4349-BFEE-F5A9B26ABE11}
		{38676837-A784-48F7-B593-A68B7DE2AD2F} = {8E975FC2-07B3-4349-BFEE-F5A9B26ABE11}
		{A9CDAD89-A91C-443D-B3FD-E9BBE9D280B5} = {8E975FC2-07B3-4349-BFEE-F5A9B26ABE11}
		{6CDE0137-847C-4949-A934-79A63F47BD95} = {8E975FC2-07B3-4349-BFEE-F5A9B26ABE11}
		{A1B35C49-DE4D-4932-ABF6-6B6C3D56BF8C} = {8E975FC2-07B3-4349-BFEE-F5A9B26ABE11}
		{2EA28FA7-916A-4F53-A25F-7AC4B77D8FE0} = {8E975FC2-07B3-4349-BFEE-F5A9B26ABE11}
		{E775EC6F-F558-4759-A32E-FCD8C1A53E99} = {8E975FC2-07B3-4349-BFEE-F5A9B26ABE11}
		{E08CE091-376A-4C40-A4E9-8107A9F514F2} = {8E975FC2-07B3-4349-BFEE-F5A9B26ABE11}
		{BFB0498F-8B05-464B-818C-03A044EDA61D} = {8E975FC2-07B3-4349-BFEE-F5A9B26ABE11}
		{00EFA27B-9B36-46B1-81E5-EF408D7923B4} = {8E975FC2-07B3-4349-BFEE-F5A9B26ABE11}
		{0E7DDE7C-82B2-4416-9DCF-7E7D064C6D38} = {8E975FC2-07B3-4349-BFEE-F5A9B26ABE11}
		{262EA4E5-330D-42F6-92E6-284108CB1565} = {8E975FC2-07B3-4349-BFEE-F5A9B26ABE11}
	EndGlobalSection
	GlobalSection(ExtensibilityGlobals) = postSolution
		SolutionGuid = {66165930-814C-4C37-89DF-3F97EC492B90}
	EndGlobalSection
EndGlobal
