
Microsoft Visual Studio Solution File, Format Version 12.00
# Visual Studio 15
VisualStudioVersion = 15.0.27703.2026
MinimumVisualStudioVersion = 10.0.40219.1
Project("{2150E333-8FDC-42A3-9474-1A3956D46DE8}") = "Tests", "Tests", "{8E975FC2-07B3-4349-BFEE-F5A9B26ABE11}"
EndProject
Project("{9A19103F-16F7-4668-BE54-9A1E7A4F7556}") = "Olbrasoft.TravelCore.Expedia.Affiliate.Network.Unit.Tests", "test\Olbrasoft.TravelCore.Expedia.Affiliate.Network.Unit.Tests\Olbrasoft.TravelCore.Expedia.Affiliate.Network.Unit.Tests.csproj", "{69DE97EB-F7BB-4798-A026-CA4620DE5821}"
EndProject
Project("{9A19103F-16F7-4668-BE54-9A1E7A4F7556}") = "Olbrasoft.TravelCore.Data.Entity.Unit.Tests", "test\Olbrasoft.TravelCore.Data.Entity.Unit.Tests\Olbrasoft.TravelCore.Data.Entity.Unit.Tests.csproj", "{A543CA4E-612C-4333-BE01-CFC566A8AB36}"
EndProject
Project("{9A19103F-16F7-4668-BE54-9A1E7A4F7556}") = "Olbrasoft.TravelCore.Data.Entity", "src\Olbrasoft.TravelCore.Data.Entity\Olbrasoft.TravelCore.Data.Entity.csproj", "{BBBD86F6-7701-4A99-8363-2E55CB8F08AF}"
EndProject
Project("{9A19103F-16F7-4668-BE54-9A1E7A4F7556}") = "Olbrasoft.TravelCore.Data.Entity.Framework", "src\Olbrasoft.TravelCore.Data.Entity.Framework\Olbrasoft.TravelCore.Data.Entity.Framework.csproj", "{349F2D90-00FB-495D-AC7D-64C504A68555}"
EndProject
Project("{9A19103F-16F7-4668-BE54-9A1E7A4F7556}") = "Olbrasoft.TravelCore.Expedia.Affiliate.Network", "src\Olbrasoft.TravelCore.Expedia.Affiliate.Network\Olbrasoft.TravelCore.Expedia.Affiliate.Network.csproj", "{9A9A8E36-4447-4097-9BAC-BA1E65CC6E16}"
EndProject
Project("{9A19103F-16F7-4668-BE54-9A1E7A4F7556}") = "Olbrasoft.TravelCore.Data.Entity.Configuration.Unit.Tests", "test\Olbrasoft.TravelCore.Data.Entity.Configuration.Unit.Tests\Olbrasoft.TravelCore.Data.Entity.Configuration.Unit.Tests.csproj", "{4650F68E-49AB-447A-BECF-C654D8775BC9}"
EndProject
Project("{9A19103F-16F7-4668-BE54-9A1E7A4F7556}") = "Olbrasoft.TravelCore.Data.Entity.Configuration", "src\Olbrasoft.TravelCore.Data.Entity.Configuration\Olbrasoft.TravelCore.Data.Entity.Configuration.csproj", "{40CE9FC1-7F8D-4757-88E8-BDF528549CDF}"
EndProject
Project("{FAE04EC0-301F-11D3-BF4B-00C04F79EFBC}") = "Olbrasoft.Travel.Expedia.Affiliate.Network.Import.Unit.Tests", "test\Olbrasoft.Travel.Expedia.Affiliate.Network.Import.Unit.Tests\Olbrasoft.Travel.Expedia.Affiliate.Network.Import.Unit.Tests.csproj", "{CE7CE3A1-CC7D-4551-A0F2-DD00AA36287C}"
EndProject
Project("{FAE04EC0-301F-11D3-BF4B-00C04F79EFBC}") = "Olbrasoft.Travel.Expedia.Affiliate.Network.Import", "src\Olbrasoft.Travel.Expedia.Affiliate.Network.Import\Olbrasoft.Travel.Expedia.Affiliate.Network.Import.csproj", "{F43CC49B-E680-443E-BC80-DE9590B270C6}"
EndProject
Global
	GlobalSection(SolutionConfigurationPlatforms) = preSolution
		Debug|Any CPU = Debug|Any CPU
		Release|Any CPU = Release|Any CPU
	EndGlobalSection
	GlobalSection(ProjectConfigurationPlatforms) = postSolution
		{69DE97EB-F7BB-4798-A026-CA4620DE5821}.Debug|Any CPU.ActiveCfg = Debug|Any CPU
		{69DE97EB-F7BB-4798-A026-CA4620DE5821}.Debug|Any CPU.Build.0 = Debug|Any CPU
		{69DE97EB-F7BB-4798-A026-CA4620DE5821}.Release|Any CPU.ActiveCfg = Release|Any CPU
		{69DE97EB-F7BB-4798-A026-CA4620DE5821}.Release|Any CPU.Build.0 = Release|Any CPU
		{A543CA4E-612C-4333-BE01-CFC566A8AB36}.Debug|Any CPU.ActiveCfg = Debug|Any CPU
		{A543CA4E-612C-4333-BE01-CFC566A8AB36}.Debug|Any CPU.Build.0 = Debug|Any CPU
		{A543CA4E-612C-4333-BE01-CFC566A8AB36}.Release|Any CPU.ActiveCfg = Release|Any CPU
		{A543CA4E-612C-4333-BE01-CFC566A8AB36}.Release|Any CPU.Build.0 = Release|Any CPU
		{BBBD86F6-7701-4A99-8363-2E55CB8F08AF}.Debug|Any CPU.ActiveCfg = Debug|Any CPU
		{BBBD86F6-7701-4A99-8363-2E55CB8F08AF}.Debug|Any CPU.Build.0 = Debug|Any CPU
		{BBBD86F6-7701-4A99-8363-2E55CB8F08AF}.Release|Any CPU.ActiveCfg = Release|Any CPU
		{BBBD86F6-7701-4A99-8363-2E55CB8F08AF}.Release|Any CPU.Build.0 = Release|Any CPU
		{349F2D90-00FB-495D-AC7D-64C504A68555}.Debug|Any CPU.ActiveCfg = Debug|Any CPU
		{349F2D90-00FB-495D-AC7D-64C504A68555}.Debug|Any CPU.Build.0 = Debug|Any CPU
		{349F2D90-00FB-495D-AC7D-64C504A68555}.Release|Any CPU.ActiveCfg = Release|Any CPU
		{349F2D90-00FB-495D-AC7D-64C504A68555}.Release|Any CPU.Build.0 = Release|Any CPU
		{9A9A8E36-4447-4097-9BAC-BA1E65CC6E16}.Debug|Any CPU.ActiveCfg = Debug|Any CPU
		{9A9A8E36-4447-4097-9BAC-BA1E65CC6E16}.Debug|Any CPU.Build.0 = Debug|Any CPU
		{9A9A8E36-4447-4097-9BAC-BA1E65CC6E16}.Release|Any CPU.ActiveCfg = Release|Any CPU
		{9A9A8E36-4447-4097-9BAC-BA1E65CC6E16}.Release|Any CPU.Build.0 = Release|Any CPU
		{4650F68E-49AB-447A-BECF-C654D8775BC9}.Debug|Any CPU.ActiveCfg = Debug|Any CPU
		{4650F68E-49AB-447A-BECF-C654D8775BC9}.Debug|Any CPU.Build.0 = Debug|Any CPU
		{4650F68E-49AB-447A-BECF-C654D8775BC9}.Release|Any CPU.ActiveCfg = Release|Any CPU
		{4650F68E-49AB-447A-BECF-C654D8775BC9}.Release|Any CPU.Build.0 = Release|Any CPU
		{40CE9FC1-7F8D-4757-88E8-BDF528549CDF}.Debug|Any CPU.ActiveCfg = Debug|Any CPU
		{40CE9FC1-7F8D-4757-88E8-BDF528549CDF}.Debug|Any CPU.Build.0 = Debug|Any CPU
		{40CE9FC1-7F8D-4757-88E8-BDF528549CDF}.Release|Any CPU.ActiveCfg = Release|Any CPU
		{40CE9FC1-7F8D-4757-88E8-BDF528549CDF}.Release|Any CPU.Build.0 = Release|Any CPU
		{CE7CE3A1-CC7D-4551-A0F2-DD00AA36287C}.Debug|Any CPU.ActiveCfg = Debug|Any CPU
		{CE7CE3A1-CC7D-4551-A0F2-DD00AA36287C}.Debug|Any CPU.Build.0 = Debug|Any CPU
		{CE7CE3A1-CC7D-4551-A0F2-DD00AA36287C}.Release|Any CPU.ActiveCfg = Release|Any CPU
		{CE7CE3A1-CC7D-4551-A0F2-DD00AA36287C}.Release|Any CPU.Build.0 = Release|Any CPU
		{F43CC49B-E680-443E-BC80-DE9590B270C6}.Debug|Any CPU.ActiveCfg = Debug|Any CPU
		{F43CC49B-E680-443E-BC80-DE9590B270C6}.Debug|Any CPU.Build.0 = Debug|Any CPU
		{F43CC49B-E680-443E-BC80-DE9590B270C6}.Release|Any CPU.ActiveCfg = Release|Any CPU
		{F43CC49B-E680-443E-BC80-DE9590B270C6}.Release|Any CPU.Build.0 = Release|Any CPU
	EndGlobalSection
	GlobalSection(SolutionProperties) = preSolution
		HideSolutionNode = FALSE
	EndGlobalSection
	GlobalSection(NestedProjects) = preSolution
		{69DE97EB-F7BB-4798-A026-CA4620DE5821} = {8E975FC2-07B3-4349-BFEE-F5A9B26ABE11}
		{A543CA4E-612C-4333-BE01-CFC566A8AB36} = {8E975FC2-07B3-4349-BFEE-F5A9B26ABE11}
		{4650F68E-49AB-447A-BECF-C654D8775BC9} = {8E975FC2-07B3-4349-BFEE-F5A9B26ABE11}
		{CE7CE3A1-CC7D-4551-A0F2-DD00AA36287C} = {8E975FC2-07B3-4349-BFEE-F5A9B26ABE11}
	EndGlobalSection
	GlobalSection(ExtensibilityGlobals) = postSolution
		SolutionGuid = {66165930-814C-4C37-89DF-3F97EC492B90}
	EndGlobalSection
EndGlobal
