
Microsoft Visual Studio Solution File, Format Version 12.00
# Visual Studio 15
VisualStudioVersion = 15.0.27703.2026
MinimumVisualStudioVersion = 10.0.40219.1
Project("{2150E333-8FDC-42A3-9474-1A3956D46DE8}") = "Tests", "Tests", "{8E975FC2-07B3-4349-BFEE-F5A9B26ABE11}"
EndProject
Project("{9A19103F-16F7-4668-BE54-9A1E7A4F7556}") = "Olbrasoft.Travel.Expedia.Affiliate.Network.Import.Unit.Tests", "test\Olbrasoft.Travel.Expedia.Affiliate.Network.Import.Unit.Tests\Olbrasoft.Travel.Expedia.Affiliate.Network.Import.Unit.Tests.csproj", "{CE7CE3A1-CC7D-4551-A0F2-DD00AA36287C}"
EndProject
Project("{9A19103F-16F7-4668-BE54-9A1E7A4F7556}") = "Olbrasoft.Travel.Expedia.Affiliate.Network.Import", "src\Olbrasoft.Travel.Expedia.Affiliate.Network.Import\Olbrasoft.Travel.Expedia.Affiliate.Network.Import.csproj", "{F43CC49B-E680-443E-BC80-DE9590B270C6}"
EndProject
Project("{9A19103F-16F7-4668-BE54-9A1E7A4F7556}") = "Olbrasoft.Travel.Data.Entity.Unit.Tests", "test\Olbrasoft.Travel.Data.Entity.Unit.Tests\Olbrasoft.Travel.Data.Entity.Unit.Tests.csproj", "{73F79F7B-ED9A-41A0-876A-704CA4AA3A26}"
EndProject
Project("{9A19103F-16F7-4668-BE54-9A1E7A4F7556}") = "Olbrasoft.Travel.Data.Entity.Framework.Unit.Tests", "test\Olbrasoft.Travel.Data.Entity.Framework.Unit.Tests\Olbrasoft.Travel.Data.Entity.Framework.Unit.Tests.csproj", "{7C65F2E7-CA7B-49A2-A68E-225D52F8788D}"
EndProject
Project("{9A19103F-16F7-4668-BE54-9A1E7A4F7556}") = "Olbrasoft.Travel.Data.Entity.Framework", "src\Olbrasoft.Travel.Data.Entity.Framework\Olbrasoft.Travel.Data.Entity.Framework.csproj", "{4FADC143-7B9D-4798-8700-5FFBB074F238}"
EndProject
Project("{9A19103F-16F7-4668-BE54-9A1E7A4F7556}") = "Olbrasoft.Travel.Data.Entity.Configuration.Unit.Tests", "test\Olbrasoft.Travel.Data.Entity.Configuration.Unit.Tests\Olbrasoft.Travel.Data.Entity.Configuration.Unit.Tests.csproj", "{56A1AA8B-5ADF-44B5-BC61-30149BB358BC}"
EndProject
Project("{9A19103F-16F7-4668-BE54-9A1E7A4F7556}") = "Olbrasoft.Travel.Data.Entity.Configuration", "src\Olbrasoft.Travel.Data.Entity.Configuration\Olbrasoft.Travel.Data.Entity.Configuration.csproj", "{6FEF50FA-BAF2-42E3-9D0A-699B7C63CEC5}"
EndProject
Project("{9A19103F-16F7-4668-BE54-9A1E7A4F7556}") = "Olbrasoft.Travel.Expedia.Affiliate.Network.Unit.Tests", "test\Olbrasoft.Travel.Expedia.Affiliate.Network.Unit.Tests\Olbrasoft.Travel.Expedia.Affiliate.Network.Unit.Tests.csproj", "{BF18DDBC-544E-4E81-AE20-76645900CF6F}"
EndProject
Project("{9A19103F-16F7-4668-BE54-9A1E7A4F7556}") = "Olbrasoft.Data.Entity.Framework.Bulk", "src\Olbrasoft.Data.Entity.Framework.Bulk\Olbrasoft.Data.Entity.Framework.Bulk.csproj", "{3E403A0F-ECF1-4179-81A0-B9C883D5A533}"
EndProject
Project("{9A19103F-16F7-4668-BE54-9A1E7A4F7556}") = "Olbrasoft.Data.Entity.Framework.Bulk.Unit.Tests", "test\Olbrasoft.Data.Entity.Framework.Bulk.Unit.Tests\Olbrasoft.Data.Entity.Framework.Bulk.Unit.Tests.csproj", "{3B8FF0BA-DDD2-46E8-BF83-24D2BB021F33}"
EndProject
Project("{9A19103F-16F7-4668-BE54-9A1E7A4F7556}") = "Olbrasoft.Data.Entity.Framework.Bulk.Integration.Tests", "test\Olbrasoft.Data.Entity.Framework.Bulk.Integration.Tests\Olbrasoft.Data.Entity.Framework.Bulk.Integration.Tests.csproj", "{DD6ECBF3-EB06-41A6-A002-894EA4212DD8}"
EndProject
Project("{9A19103F-16F7-4668-BE54-9A1E7A4F7556}") = "Olbrasoft.Travel.Data.Unit.Tests", "test\Olbrasoft.Travel.Data.Unit.Tests\Olbrasoft.Travel.Data.Unit.Tests.csproj", "{2C7BEEC9-0EEB-4B6C-8F8C-87B0AB502D87}"
EndProject
Project("{9A19103F-16F7-4668-BE54-9A1E7A4F7556}") = "Olbrasoft.Travel.Data", "src\Olbrasoft.Travel.Data\Olbrasoft.Travel.Data.csproj", "{49E12F70-ABD2-44B8-A621-E6F057F7DF8F}"
EndProject
Project("{9A19103F-16F7-4668-BE54-9A1E7A4F7556}") = "Olbrasoft.Travel.Unit.Tests", "test\Olbrasoft.Travel.Unit.Tests\Olbrasoft.Travel.Unit.Tests.csproj", "{881F303A-1406-4069-A9F1-788B84834A40}"
EndProject
Project("{9A19103F-16F7-4668-BE54-9A1E7A4F7556}") = "Olbrasoft.Extensions", "src\Olbrasoft.Extensions\Olbrasoft.Extensions.csproj", "{CA186A73-343A-4AEB-AB9D-D0CE7F6C1023}"
EndProject
Project("{9A19103F-16F7-4668-BE54-9A1E7A4F7556}") = "Olbrasoft.Extensions.Unit.Tests", "test\Olbrasoft.Extensions.Unit.Tests\Olbrasoft.Extensions.Unit.Tests.csproj", "{8CDD5DEC-79B9-4EBF-978D-1F4FF47640C7}"
EndProject
Project("{9A19103F-16F7-4668-BE54-9A1E7A4F7556}") = "Olbrasoft.Travel.Business.Unit.Tests", "test\Olbrasoft.Travel.Business.Unit.Tests\Olbrasoft.Travel.Business.Unit.Tests.csproj", "{B62A7AE3-E501-4500-8610-42FAE5E00C58}"
EndProject
Project("{9A19103F-16F7-4668-BE54-9A1E7A4F7556}") = "Olbrasoft.Globalization.Unit.Tests", "test\Olbrasoft.Globalization.Unit.Tests\Olbrasoft.Globalization.Unit.Tests.csproj", "{1F37C983-0391-44A7-824C-202EFE0CF01B}"
EndProject
Project("{9A19103F-16F7-4668-BE54-9A1E7A4F7556}") = "Olbrasoft.Travel.Data.Mapping.Unit.Tests", "test\Olbrasoft.Travel.Data.Mapping.Unit.Tests\Olbrasoft.Travel.Data.Mapping.Unit.Tests.csproj", "{B3A1DB7C-774B-4155-BAED-CA122FDB8A47}"
EndProject
Project("{9A19103F-16F7-4668-BE54-9A1E7A4F7556}") = "Olbrasoft.Travel.Data.Mapping", "src\Olbrasoft.Travel.Data.Mapping\Olbrasoft.Travel.Data.Mapping.csproj", "{BBBF4995-EB81-49A1-930E-8175CB534D49}"
EndProject
Project("{9A19103F-16F7-4668-BE54-9A1E7A4F7556}") = "Olbrasoft.Travel.AspNetCore.Mvc", "src\Olbrasoft.Travel.AspNetCore.Mvc\Olbrasoft.Travel.AspNetCore.Mvc.csproj", "{55FF97D1-33A6-485A-A1EE-44D5F5189472}"
EndProject
Project("{9A19103F-16F7-4668-BE54-9A1E7A4F7556}") = "Olbrasoft.Pagination.Unit.Tests", "test\Olbrasoft.Pagination.Unit.Tests\Olbrasoft.Pagination.Unit.Tests.csproj", "{64E8C075-8014-465D-B0A0-9FBE08B87413}"
EndProject
Project("{9A19103F-16F7-4668-BE54-9A1E7A4F7556}") = "Olbrasoft.Dependence", "src\Olbrasoft.Dependence\Olbrasoft.Dependence.csproj", "{3ABA9EDA-DCAC-4AF2-A7CC-F095AF1D522D}"
EndProject
Project("{9A19103F-16F7-4668-BE54-9A1E7A4F7556}") = "Olbrasoft.Dependence.Unit.Tests", "test\Olbrasoft.Dependence.Unit.Tests\Olbrasoft.Dependence.Unit.Tests.csproj", "{7BE39EFF-51DC-46D2-AD14-E13D5A86579C}"
EndProject
Project("{9A19103F-16F7-4668-BE54-9A1E7A4F7556}") = "Olbrasoft.Collections.Unit.Tests", "test\Olbrasoft.Collections.Unit.Tests\Olbrasoft.Collections.Unit.Tests.csproj", "{86A94E0D-8881-47B1-870B-4710ABACFA68}"
EndProject
Project("{9A19103F-16F7-4668-BE54-9A1E7A4F7556}") = "Olbrasoft.Travel.Expedia.Affiliate.Network", "src\Olbrasoft.Travel.Expedia.Affiliate.Network\Olbrasoft.Travel.Expedia.Affiliate.Network.csproj", "{38CA9CD9-1A65-4366-9495-F9AF24AE472C}"
EndProject
Project("{9A19103F-16F7-4668-BE54-9A1E7A4F7556}") = "Olbrasoft.Collections", "src\Olbrasoft.Collections\Olbrasoft.Collections.csproj", "{A33ED11D-D4E9-43EF-B81A-2A8FDCE3E53C}"
EndProject
Project("{9A19103F-16F7-4668-BE54-9A1E7A4F7556}") = "Olbrasoft.Pagination", "src\Olbrasoft.Pagination\Olbrasoft.Pagination.csproj", "{4944B51A-79A1-4AA3-9BCB-6B1FC0DC2FB9}"
EndProject
Project("{9A19103F-16F7-4668-BE54-9A1E7A4F7556}") = "Olbrasoft.Data.Unit.Tests", "test\Olbrasoft.Data.Unit.Tests\Olbrasoft.Data.Unit.Tests.csproj", "{85FB36E9-7635-461C-B6E8-5F68CD3B7A31}"
EndProject
Project("{9A19103F-16F7-4668-BE54-9A1E7A4F7556}") = "Olbrasoft.Travel", "src\Olbrasoft.Travel\Olbrasoft.Travel.csproj", "{CADB5C59-3C4B-40BE-A511-976B6CC8F00F}"
EndProject
Project("{9A19103F-16F7-4668-BE54-9A1E7A4F7556}") = "Olbrasoft.Globalization", "src\Olbrasoft.Globalization\Olbrasoft.Globalization.csproj", "{84CD3092-E076-4C15-9EB3-7A219376B321}"
EndProject
Project("{9A19103F-16F7-4668-BE54-9A1E7A4F7556}") = "Olbrasoft.Data", "src\Olbrasoft.Data\Olbrasoft.Data.csproj", "{63B91B8F-A335-408A-B158-FA7501298914}"
EndProject
Project("{9A19103F-16F7-4668-BE54-9A1E7A4F7556}") = "Olbrasoft.Travel.Data.Entity", "src\Olbrasoft.Travel.Data.Entity\Olbrasoft.Travel.Data.Entity.csproj", "{02CE575D-C4D8-47B3-86C7-A3BD23BE4933}"
EndProject
Project("{9A19103F-16F7-4668-BE54-9A1E7A4F7556}") = "Olbrasoft.Travel.Business", "src\Olbrasoft.Travel.Business\Olbrasoft.Travel.Business.csproj", "{5BAA3864-5C32-4305-87E9-4AC0C7E72287}"
EndProject
Global
	GlobalSection(SolutionConfigurationPlatforms) = preSolution
		Debug|Any CPU = Debug|Any CPU
		Release|Any CPU = Release|Any CPU
	EndGlobalSection
	GlobalSection(ProjectConfigurationPlatforms) = postSolution
		{CE7CE3A1-CC7D-4551-A0F2-DD00AA36287C}.Debug|Any CPU.ActiveCfg = Debug|Any CPU
		{CE7CE3A1-CC7D-4551-A0F2-DD00AA36287C}.Debug|Any CPU.Build.0 = Debug|Any CPU
		{CE7CE3A1-CC7D-4551-A0F2-DD00AA36287C}.Release|Any CPU.ActiveCfg = Release|Any CPU
		{CE7CE3A1-CC7D-4551-A0F2-DD00AA36287C}.Release|Any CPU.Build.0 = Release|Any CPU
		{F43CC49B-E680-443E-BC80-DE9590B270C6}.Debug|Any CPU.ActiveCfg = Debug|Any CPU
		{F43CC49B-E680-443E-BC80-DE9590B270C6}.Debug|Any CPU.Build.0 = Debug|Any CPU
		{F43CC49B-E680-443E-BC80-DE9590B270C6}.Release|Any CPU.ActiveCfg = Release|Any CPU
		{F43CC49B-E680-443E-BC80-DE9590B270C6}.Release|Any CPU.Build.0 = Release|Any CPU
		{73F79F7B-ED9A-41A0-876A-704CA4AA3A26}.Debug|Any CPU.ActiveCfg = Debug|Any CPU
		{73F79F7B-ED9A-41A0-876A-704CA4AA3A26}.Debug|Any CPU.Build.0 = Debug|Any CPU
		{73F79F7B-ED9A-41A0-876A-704CA4AA3A26}.Release|Any CPU.ActiveCfg = Release|Any CPU
		{73F79F7B-ED9A-41A0-876A-704CA4AA3A26}.Release|Any CPU.Build.0 = Release|Any CPU
		{7C65F2E7-CA7B-49A2-A68E-225D52F8788D}.Debug|Any CPU.ActiveCfg = Debug|Any CPU
		{7C65F2E7-CA7B-49A2-A68E-225D52F8788D}.Debug|Any CPU.Build.0 = Debug|Any CPU
		{7C65F2E7-CA7B-49A2-A68E-225D52F8788D}.Release|Any CPU.ActiveCfg = Release|Any CPU
		{7C65F2E7-CA7B-49A2-A68E-225D52F8788D}.Release|Any CPU.Build.0 = Release|Any CPU
		{4FADC143-7B9D-4798-8700-5FFBB074F238}.Debug|Any CPU.ActiveCfg = Debug|Any CPU
		{4FADC143-7B9D-4798-8700-5FFBB074F238}.Debug|Any CPU.Build.0 = Debug|Any CPU
		{4FADC143-7B9D-4798-8700-5FFBB074F238}.Release|Any CPU.ActiveCfg = Release|Any CPU
		{4FADC143-7B9D-4798-8700-5FFBB074F238}.Release|Any CPU.Build.0 = Release|Any CPU
		{56A1AA8B-5ADF-44B5-BC61-30149BB358BC}.Debug|Any CPU.ActiveCfg = Debug|Any CPU
		{56A1AA8B-5ADF-44B5-BC61-30149BB358BC}.Debug|Any CPU.Build.0 = Debug|Any CPU
		{56A1AA8B-5ADF-44B5-BC61-30149BB358BC}.Release|Any CPU.ActiveCfg = Release|Any CPU
		{56A1AA8B-5ADF-44B5-BC61-30149BB358BC}.Release|Any CPU.Build.0 = Release|Any CPU
		{6FEF50FA-BAF2-42E3-9D0A-699B7C63CEC5}.Debug|Any CPU.ActiveCfg = Debug|Any CPU
		{6FEF50FA-BAF2-42E3-9D0A-699B7C63CEC5}.Debug|Any CPU.Build.0 = Debug|Any CPU
		{6FEF50FA-BAF2-42E3-9D0A-699B7C63CEC5}.Release|Any CPU.ActiveCfg = Release|Any CPU
		{6FEF50FA-BAF2-42E3-9D0A-699B7C63CEC5}.Release|Any CPU.Build.0 = Release|Any CPU
		{BF18DDBC-544E-4E81-AE20-76645900CF6F}.Debug|Any CPU.ActiveCfg = Debug|Any CPU
		{BF18DDBC-544E-4E81-AE20-76645900CF6F}.Debug|Any CPU.Build.0 = Debug|Any CPU
		{BF18DDBC-544E-4E81-AE20-76645900CF6F}.Release|Any CPU.ActiveCfg = Release|Any CPU
		{BF18DDBC-544E-4E81-AE20-76645900CF6F}.Release|Any CPU.Build.0 = Release|Any CPU
		{3E403A0F-ECF1-4179-81A0-B9C883D5A533}.Debug|Any CPU.ActiveCfg = Debug|Any CPU
		{3E403A0F-ECF1-4179-81A0-B9C883D5A533}.Debug|Any CPU.Build.0 = Debug|Any CPU
		{3E403A0F-ECF1-4179-81A0-B9C883D5A533}.Release|Any CPU.ActiveCfg = Release|Any CPU
		{3E403A0F-ECF1-4179-81A0-B9C883D5A533}.Release|Any CPU.Build.0 = Release|Any CPU
		{3B8FF0BA-DDD2-46E8-BF83-24D2BB021F33}.Debug|Any CPU.ActiveCfg = Debug|Any CPU
		{3B8FF0BA-DDD2-46E8-BF83-24D2BB021F33}.Debug|Any CPU.Build.0 = Debug|Any CPU
		{3B8FF0BA-DDD2-46E8-BF83-24D2BB021F33}.Release|Any CPU.ActiveCfg = Release|Any CPU
		{3B8FF0BA-DDD2-46E8-BF83-24D2BB021F33}.Release|Any CPU.Build.0 = Release|Any CPU
		{DD6ECBF3-EB06-41A6-A002-894EA4212DD8}.Debug|Any CPU.ActiveCfg = Debug|Any CPU
		{DD6ECBF3-EB06-41A6-A002-894EA4212DD8}.Debug|Any CPU.Build.0 = Debug|Any CPU
		{DD6ECBF3-EB06-41A6-A002-894EA4212DD8}.Release|Any CPU.ActiveCfg = Release|Any CPU
		{DD6ECBF3-EB06-41A6-A002-894EA4212DD8}.Release|Any CPU.Build.0 = Release|Any CPU
		{2C7BEEC9-0EEB-4B6C-8F8C-87B0AB502D87}.Debug|Any CPU.ActiveCfg = Debug|Any CPU
		{2C7BEEC9-0EEB-4B6C-8F8C-87B0AB502D87}.Debug|Any CPU.Build.0 = Debug|Any CPU
		{2C7BEEC9-0EEB-4B6C-8F8C-87B0AB502D87}.Release|Any CPU.ActiveCfg = Release|Any CPU
		{2C7BEEC9-0EEB-4B6C-8F8C-87B0AB502D87}.Release|Any CPU.Build.0 = Release|Any CPU
		{49E12F70-ABD2-44B8-A621-E6F057F7DF8F}.Debug|Any CPU.ActiveCfg = Debug|Any CPU
		{49E12F70-ABD2-44B8-A621-E6F057F7DF8F}.Debug|Any CPU.Build.0 = Debug|Any CPU
		{49E12F70-ABD2-44B8-A621-E6F057F7DF8F}.Release|Any CPU.ActiveCfg = Release|Any CPU
		{49E12F70-ABD2-44B8-A621-E6F057F7DF8F}.Release|Any CPU.Build.0 = Release|Any CPU
		{881F303A-1406-4069-A9F1-788B84834A40}.Debug|Any CPU.ActiveCfg = Debug|Any CPU
		{881F303A-1406-4069-A9F1-788B84834A40}.Debug|Any CPU.Build.0 = Debug|Any CPU
		{881F303A-1406-4069-A9F1-788B84834A40}.Release|Any CPU.ActiveCfg = Release|Any CPU
		{881F303A-1406-4069-A9F1-788B84834A40}.Release|Any CPU.Build.0 = Release|Any CPU
		{CA186A73-343A-4AEB-AB9D-D0CE7F6C1023}.Debug|Any CPU.ActiveCfg = Debug|Any CPU
		{CA186A73-343A-4AEB-AB9D-D0CE7F6C1023}.Debug|Any CPU.Build.0 = Debug|Any CPU
		{CA186A73-343A-4AEB-AB9D-D0CE7F6C1023}.Release|Any CPU.ActiveCfg = Release|Any CPU
		{CA186A73-343A-4AEB-AB9D-D0CE7F6C1023}.Release|Any CPU.Build.0 = Release|Any CPU
		{8CDD5DEC-79B9-4EBF-978D-1F4FF47640C7}.Debug|Any CPU.ActiveCfg = Debug|Any CPU
		{8CDD5DEC-79B9-4EBF-978D-1F4FF47640C7}.Debug|Any CPU.Build.0 = Debug|Any CPU
		{8CDD5DEC-79B9-4EBF-978D-1F4FF47640C7}.Release|Any CPU.ActiveCfg = Release|Any CPU
		{8CDD5DEC-79B9-4EBF-978D-1F4FF47640C7}.Release|Any CPU.Build.0 = Release|Any CPU
		{B62A7AE3-E501-4500-8610-42FAE5E00C58}.Debug|Any CPU.ActiveCfg = Debug|Any CPU
		{B62A7AE3-E501-4500-8610-42FAE5E00C58}.Debug|Any CPU.Build.0 = Debug|Any CPU
		{B62A7AE3-E501-4500-8610-42FAE5E00C58}.Release|Any CPU.ActiveCfg = Release|Any CPU
		{B62A7AE3-E501-4500-8610-42FAE5E00C58}.Release|Any CPU.Build.0 = Release|Any CPU
		{1F37C983-0391-44A7-824C-202EFE0CF01B}.Debug|Any CPU.ActiveCfg = Debug|Any CPU
		{1F37C983-0391-44A7-824C-202EFE0CF01B}.Debug|Any CPU.Build.0 = Debug|Any CPU
		{1F37C983-0391-44A7-824C-202EFE0CF01B}.Release|Any CPU.ActiveCfg = Release|Any CPU
		{1F37C983-0391-44A7-824C-202EFE0CF01B}.Release|Any CPU.Build.0 = Release|Any CPU
		{B3A1DB7C-774B-4155-BAED-CA122FDB8A47}.Debug|Any CPU.ActiveCfg = Debug|Any CPU
		{B3A1DB7C-774B-4155-BAED-CA122FDB8A47}.Debug|Any CPU.Build.0 = Debug|Any CPU
		{B3A1DB7C-774B-4155-BAED-CA122FDB8A47}.Release|Any CPU.ActiveCfg = Release|Any CPU
		{B3A1DB7C-774B-4155-BAED-CA122FDB8A47}.Release|Any CPU.Build.0 = Release|Any CPU
		{BBBF4995-EB81-49A1-930E-8175CB534D49}.Debug|Any CPU.ActiveCfg = Debug|Any CPU
		{BBBF4995-EB81-49A1-930E-8175CB534D49}.Debug|Any CPU.Build.0 = Debug|Any CPU
		{BBBF4995-EB81-49A1-930E-8175CB534D49}.Release|Any CPU.ActiveCfg = Release|Any CPU
		{BBBF4995-EB81-49A1-930E-8175CB534D49}.Release|Any CPU.Build.0 = Release|Any CPU
		{55FF97D1-33A6-485A-A1EE-44D5F5189472}.Debug|Any CPU.ActiveCfg = Debug|Any CPU
		{55FF97D1-33A6-485A-A1EE-44D5F5189472}.Debug|Any CPU.Build.0 = Debug|Any CPU
		{55FF97D1-33A6-485A-A1EE-44D5F5189472}.Release|Any CPU.ActiveCfg = Release|Any CPU
		{55FF97D1-33A6-485A-A1EE-44D5F5189472}.Release|Any CPU.Build.0 = Release|Any CPU
		{64E8C075-8014-465D-B0A0-9FBE08B87413}.Debug|Any CPU.ActiveCfg = Debug|Any CPU
		{64E8C075-8014-465D-B0A0-9FBE08B87413}.Debug|Any CPU.Build.0 = Debug|Any CPU
		{64E8C075-8014-465D-B0A0-9FBE08B87413}.Release|Any CPU.ActiveCfg = Release|Any CPU
		{64E8C075-8014-465D-B0A0-9FBE08B87413}.Release|Any CPU.Build.0 = Release|Any CPU
		{3ABA9EDA-DCAC-4AF2-A7CC-F095AF1D522D}.Debug|Any CPU.ActiveCfg = Debug|Any CPU
		{3ABA9EDA-DCAC-4AF2-A7CC-F095AF1D522D}.Debug|Any CPU.Build.0 = Debug|Any CPU
		{3ABA9EDA-DCAC-4AF2-A7CC-F095AF1D522D}.Release|Any CPU.ActiveCfg = Release|Any CPU
		{3ABA9EDA-DCAC-4AF2-A7CC-F095AF1D522D}.Release|Any CPU.Build.0 = Release|Any CPU
		{7BE39EFF-51DC-46D2-AD14-E13D5A86579C}.Debug|Any CPU.ActiveCfg = Debug|Any CPU
		{7BE39EFF-51DC-46D2-AD14-E13D5A86579C}.Debug|Any CPU.Build.0 = Debug|Any CPU
		{7BE39EFF-51DC-46D2-AD14-E13D5A86579C}.Release|Any CPU.ActiveCfg = Release|Any CPU
		{7BE39EFF-51DC-46D2-AD14-E13D5A86579C}.Release|Any CPU.Build.0 = Release|Any CPU
		{86A94E0D-8881-47B1-870B-4710ABACFA68}.Debug|Any CPU.ActiveCfg = Debug|Any CPU
		{86A94E0D-8881-47B1-870B-4710ABACFA68}.Debug|Any CPU.Build.0 = Debug|Any CPU
		{86A94E0D-8881-47B1-870B-4710ABACFA68}.Release|Any CPU.ActiveCfg = Release|Any CPU
		{86A94E0D-8881-47B1-870B-4710ABACFA68}.Release|Any CPU.Build.0 = Release|Any CPU
		{38CA9CD9-1A65-4366-9495-F9AF24AE472C}.Debug|Any CPU.ActiveCfg = Debug|Any CPU
		{38CA9CD9-1A65-4366-9495-F9AF24AE472C}.Debug|Any CPU.Build.0 = Debug|Any CPU
		{38CA9CD9-1A65-4366-9495-F9AF24AE472C}.Release|Any CPU.ActiveCfg = Release|Any CPU
		{38CA9CD9-1A65-4366-9495-F9AF24AE472C}.Release|Any CPU.Build.0 = Release|Any CPU
		{A33ED11D-D4E9-43EF-B81A-2A8FDCE3E53C}.Debug|Any CPU.ActiveCfg = Debug|Any CPU
		{A33ED11D-D4E9-43EF-B81A-2A8FDCE3E53C}.Debug|Any CPU.Build.0 = Debug|Any CPU
		{A33ED11D-D4E9-43EF-B81A-2A8FDCE3E53C}.Release|Any CPU.ActiveCfg = Release|Any CPU
		{A33ED11D-D4E9-43EF-B81A-2A8FDCE3E53C}.Release|Any CPU.Build.0 = Release|Any CPU
		{4944B51A-79A1-4AA3-9BCB-6B1FC0DC2FB9}.Debug|Any CPU.ActiveCfg = Debug|Any CPU
		{4944B51A-79A1-4AA3-9BCB-6B1FC0DC2FB9}.Debug|Any CPU.Build.0 = Debug|Any CPU
		{4944B51A-79A1-4AA3-9BCB-6B1FC0DC2FB9}.Release|Any CPU.ActiveCfg = Release|Any CPU
		{4944B51A-79A1-4AA3-9BCB-6B1FC0DC2FB9}.Release|Any CPU.Build.0 = Release|Any CPU
		{85FB36E9-7635-461C-B6E8-5F68CD3B7A31}.Debug|Any CPU.ActiveCfg = Debug|Any CPU
		{85FB36E9-7635-461C-B6E8-5F68CD3B7A31}.Debug|Any CPU.Build.0 = Debug|Any CPU
		{85FB36E9-7635-461C-B6E8-5F68CD3B7A31}.Release|Any CPU.ActiveCfg = Release|Any CPU
		{85FB36E9-7635-461C-B6E8-5F68CD3B7A31}.Release|Any CPU.Build.0 = Release|Any CPU
		{CADB5C59-3C4B-40BE-A511-976B6CC8F00F}.Debug|Any CPU.ActiveCfg = Debug|Any CPU
		{CADB5C59-3C4B-40BE-A511-976B6CC8F00F}.Debug|Any CPU.Build.0 = Debug|Any CPU
		{CADB5C59-3C4B-40BE-A511-976B6CC8F00F}.Release|Any CPU.ActiveCfg = Release|Any CPU
		{CADB5C59-3C4B-40BE-A511-976B6CC8F00F}.Release|Any CPU.Build.0 = Release|Any CPU
		{84CD3092-E076-4C15-9EB3-7A219376B321}.Debug|Any CPU.ActiveCfg = Debug|Any CPU
		{84CD3092-E076-4C15-9EB3-7A219376B321}.Debug|Any CPU.Build.0 = Debug|Any CPU
		{84CD3092-E076-4C15-9EB3-7A219376B321}.Release|Any CPU.ActiveCfg = Release|Any CPU
		{84CD3092-E076-4C15-9EB3-7A219376B321}.Release|Any CPU.Build.0 = Release|Any CPU
		{63B91B8F-A335-408A-B158-FA7501298914}.Debug|Any CPU.ActiveCfg = Debug|Any CPU
		{63B91B8F-A335-408A-B158-FA7501298914}.Debug|Any CPU.Build.0 = Debug|Any CPU
		{63B91B8F-A335-408A-B158-FA7501298914}.Release|Any CPU.ActiveCfg = Release|Any CPU
		{63B91B8F-A335-408A-B158-FA7501298914}.Release|Any CPU.Build.0 = Release|Any CPU
		{02CE575D-C4D8-47B3-86C7-A3BD23BE4933}.Debug|Any CPU.ActiveCfg = Debug|Any CPU
		{02CE575D-C4D8-47B3-86C7-A3BD23BE4933}.Debug|Any CPU.Build.0 = Debug|Any CPU
		{02CE575D-C4D8-47B3-86C7-A3BD23BE4933}.Release|Any CPU.ActiveCfg = Release|Any CPU
		{02CE575D-C4D8-47B3-86C7-A3BD23BE4933}.Release|Any CPU.Build.0 = Release|Any CPU
		{5BAA3864-5C32-4305-87E9-4AC0C7E72287}.Debug|Any CPU.ActiveCfg = Debug|Any CPU
		{5BAA3864-5C32-4305-87E9-4AC0C7E72287}.Debug|Any CPU.Build.0 = Debug|Any CPU
		{5BAA3864-5C32-4305-87E9-4AC0C7E72287}.Release|Any CPU.ActiveCfg = Release|Any CPU
		{5BAA3864-5C32-4305-87E9-4AC0C7E72287}.Release|Any CPU.Build.0 = Release|Any CPU
	EndGlobalSection
	GlobalSection(SolutionProperties) = preSolution
		HideSolutionNode = FALSE
	EndGlobalSection
	GlobalSection(NestedProjects) = preSolution
		{CE7CE3A1-CC7D-4551-A0F2-DD00AA36287C} = {8E975FC2-07B3-4349-BFEE-F5A9B26ABE11}
		{73F79F7B-ED9A-41A0-876A-704CA4AA3A26} = {8E975FC2-07B3-4349-BFEE-F5A9B26ABE11}
		{7C65F2E7-CA7B-49A2-A68E-225D52F8788D} = {8E975FC2-07B3-4349-BFEE-F5A9B26ABE11}
		{56A1AA8B-5ADF-44B5-BC61-30149BB358BC} = {8E975FC2-07B3-4349-BFEE-F5A9B26ABE11}
		{BF18DDBC-544E-4E81-AE20-76645900CF6F} = {8E975FC2-07B3-4349-BFEE-F5A9B26ABE11}
		{3B8FF0BA-DDD2-46E8-BF83-24D2BB021F33} = {8E975FC2-07B3-4349-BFEE-F5A9B26ABE11}
		{DD6ECBF3-EB06-41A6-A002-894EA4212DD8} = {8E975FC2-07B3-4349-BFEE-F5A9B26ABE11}
		{2C7BEEC9-0EEB-4B6C-8F8C-87B0AB502D87} = {8E975FC2-07B3-4349-BFEE-F5A9B26ABE11}
		{881F303A-1406-4069-A9F1-788B84834A40} = {8E975FC2-07B3-4349-BFEE-F5A9B26ABE11}
		{8CDD5DEC-79B9-4EBF-978D-1F4FF47640C7} = {8E975FC2-07B3-4349-BFEE-F5A9B26ABE11}
		{B62A7AE3-E501-4500-8610-42FAE5E00C58} = {8E975FC2-07B3-4349-BFEE-F5A9B26ABE11}
		{1F37C983-0391-44A7-824C-202EFE0CF01B} = {8E975FC2-07B3-4349-BFEE-F5A9B26ABE11}
		{B3A1DB7C-774B-4155-BAED-CA122FDB8A47} = {8E975FC2-07B3-4349-BFEE-F5A9B26ABE11}
		{64E8C075-8014-465D-B0A0-9FBE08B87413} = {8E975FC2-07B3-4349-BFEE-F5A9B26ABE11}
		{7BE39EFF-51DC-46D2-AD14-E13D5A86579C} = {8E975FC2-07B3-4349-BFEE-F5A9B26ABE11}
		{86A94E0D-8881-47B1-870B-4710ABACFA68} = {8E975FC2-07B3-4349-BFEE-F5A9B26ABE11}
		{85FB36E9-7635-461C-B6E8-5F68CD3B7A31} = {8E975FC2-07B3-4349-BFEE-F5A9B26ABE11}
	EndGlobalSection
	GlobalSection(ExtensibilityGlobals) = postSolution
		SolutionGuid = {66165930-814C-4C37-89DF-3F97EC492B90}
	EndGlobalSection
EndGlobal
